
Microsoft Visual Studio Solution File, Format Version 12.00
# Visual Studio 15
VisualStudioVersion = 15.0.26228.9
MinimumVisualStudioVersion = 10.0.40219.1
Project("{FAE04EC0-301F-11D3-BF4B-00C04F79EFBC}") = "Tabemashou Admin", "Tabemashou Admin\Tabemashou Admin.csproj", "{2AD3ACB9-AE01-4AA2-8B82-A06137109700}"
EndProject
Project("{FAE04EC0-301F-11D3-BF4B-00C04F79EFBC}") = "Tabemashou User", "Tabemashou User\Tabemashou User.csproj", "{C72DBAE2-534A-4DAD-B4A2-C0A421C54AC1}"
EndProject
Global
	GlobalSection(SolutionConfigurationPlatforms) = preSolution
		Debug|Any CPU = Debug|Any CPU
		Release|Any CPU = Release|Any CPU
	EndGlobalSection
	GlobalSection(ProjectConfigurationPlatforms) = postSolution
		{2AD3ACB9-AE01-4AA2-8B82-A06137109700}.Debug|Any CPU.ActiveCfg = Debug|Any CPU
		{2AD3ACB9-AE01-4AA2-8B82-A06137109700}.Debug|Any CPU.Build.0 = Debug|Any CPU
		{2AD3ACB9-AE01-4AA2-8B82-A06137109700}.Release|Any CPU.ActiveCfg = Release|Any CPU
		{2AD3ACB9-AE01-4AA2-8B82-A06137109700}.Release|Any CPU.Build.0 = Release|Any CPU
		{C72DBAE2-534A-4DAD-B4A2-C0A421C54AC1}.Debug|Any CPU.ActiveCfg = Debug|Any CPU
		{C72DBAE2-534A-4DAD-B4A2-C0A421C54AC1}.Debug|Any CPU.Build.0 = Debug|Any CPU
		{C72DBAE2-534A-4DAD-B4A2-C0A421C54AC1}.Release|Any CPU.ActiveCfg = Release|Any CPU
		{C72DBAE2-534A-4DAD-B4A2-C0A421C54AC1}.Release|Any CPU.Build.0 = Release|Any CPU
	EndGlobalSection
	GlobalSection(SolutionProperties) = preSolution
		HideSolutionNode = FALSE
	EndGlobalSection
EndGlobal
